
Microsoft Visual Studio Solution File, Format Version 12.00
# Visual Studio Version 17
VisualStudioVersion = 17.13.35931.197
MinimumVisualStudioVersion = 10.0.40219.1
Project("{FAE04EC0-301F-11D3-BF4B-00C04F79EFBC}") = "TimeSheet_Module", "TimeSheet Module\TimeSheet_Module.csproj", "{0F3D0043-FF98-4AC7-83B2-508014F332F9}"
EndProject
Project("{FAE04EC0-301F-11D3-BF4B-00C04F79EFBC}") = "TimeSheet.Data", "TimeSheet.Data\TimeSheet.Data.csproj", "{FF4EBD5C-443D-4923-A33E-BC2DD8FFA04E}"
EndProject
Project("{FAE04EC0-301F-11D3-BF4B-00C04F79EFBC}") = "TimeSheet.Models", "TimeSheet.Models\TimeSheet.Models.csproj", "{A2207E86-5582-40CE-8FAE-20D8C2F59375}"
EndProject
Global
	GlobalSection(SolutionConfigurationPlatforms) = preSolution
		Debug|Any CPU = Debug|Any CPU
		Release|Any CPU = Release|Any CPU
	EndGlobalSection
	GlobalSection(ProjectConfigurationPlatforms) = postSolution
		{0F3D0043-FF98-4AC7-83B2-508014F332F9}.Debug|Any CPU.ActiveCfg = Debug|Any CPU
		{0F3D0043-FF98-4AC7-83B2-508014F332F9}.Debug|Any CPU.Build.0 = Debug|Any CPU
		{0F3D0043-FF98-4AC7-83B2-508014F332F9}.Release|Any CPU.ActiveCfg = Release|Any CPU
		{0F3D0043-FF98-4AC7-83B2-508014F332F9}.Release|Any CPU.Build.0 = Release|Any CPU
		{FF4EBD5C-443D-4923-A33E-BC2DD8FFA04E}.Debug|Any CPU.ActiveCfg = Debug|Any CPU
		{FF4EBD5C-443D-4923-A33E-BC2DD8FFA04E}.Debug|Any CPU.Build.0 = Debug|Any CPU
		{FF4EBD5C-443D-4923-A33E-BC2DD8FFA04E}.Release|Any CPU.ActiveCfg = Release|Any CPU
		{FF4EBD5C-443D-4923-A33E-BC2DD8FFA04E}.Release|Any CPU.Build.0 = Release|Any CPU
		{A2207E86-5582-40CE-8FAE-20D8C2F59375}.Debug|Any CPU.ActiveCfg = Debug|Any CPU
		{A2207E86-5582-40CE-8FAE-20D8C2F59375}.Debug|Any CPU.Build.0 = Debug|Any CPU
		{A2207E86-5582-40CE-8FAE-20D8C2F59375}.Release|Any CPU.ActiveCfg = Release|Any CPU
		{A2207E86-5582-40CE-8FAE-20D8C2F59375}.Release|Any CPU.Build.0 = Release|Any CPU
	EndGlobalSection
	GlobalSection(SolutionProperties) = preSolution
		HideSolutionNode = FALSE
	EndGlobalSection
	GlobalSection(ExtensibilityGlobals) = postSolution
		SolutionGuid = {5144A98C-D8BF-4061-A9DA-8447B4C80927}
	EndGlobalSection
EndGlobal
